
Microsoft Visual Studio Solution File, Format Version 12.00
# Visual Studio 15
VisualStudioVersion = 15.0.28010.2019
MinimumVisualStudioVersion = 10.0.40219.1
Project("{8BC9CEB8-8B4A-11D0-8D11-00A0C91BC942}") = "PFCG", "PFCG\PFCG.vcxproj", "{DE6210D5-731F-44E0-8E21-BC501C2CCC1A}"
EndProject
Global
	GlobalSection(SolutionConfigurationPlatforms) = preSolution
		Debug|x64 = Debug|x64
		Debug|x86 = Debug|x86
		Release|x64 = Release|x64
		Release|x86 = Release|x86
	EndGlobalSection
	GlobalSection(ProjectConfigurationPlatforms) = postSolution
		{DE6210D5-731F-44E0-8E21-BC501C2CCC1A}.Debug|x64.ActiveCfg = Debug|x64
		{DE6210D5-731F-44E0-8E21-BC501C2CCC1A}.Debug|x64.Build.0 = Debug|x64
		{DE6210D5-731F-44E0-8E21-BC501C2CCC1A}.Debug|x86.ActiveCfg = Debug|Win32
		{DE6210D5-731F-44E0-8E21-BC501C2CCC1A}.Debug|x86.Build.0 = Debug|Win32
		{DE6210D5-731F-44E0-8E21-BC501C2CCC1A}.Release|x64.ActiveCfg = Release|x64
		{DE6210D5-731F-44E0-8E21-BC501C2CCC1A}.Release|x64.Build.0 = Release|x64
		{DE6210D5-731F-44E0-8E21-BC501C2CCC1A}.Release|x86.ActiveCfg = Release|Win32
		{DE6210D5-731F-44E0-8E21-BC501C2CCC1A}.Release|x86.Build.0 = Release|Win32
	EndGlobalSection
	GlobalSection(SolutionProperties) = preSolution
		HideSolutionNode = FALSE
	EndGlobalSection
	GlobalSection(ExtensibilityGlobals) = postSolution
		SolutionGuid = {72B71AE0-11CD-46E9-9A18-1E735492CAB4}
	EndGlobalSection
EndGlobal
